github.com/danyelmorales/weak_encryption_lib v1.0.1 h1:xe4LKN3veiwvQCDvgynZ9hIOOouj5Tv8FlIwDnUUIDY=
github.com/danyelmorales/weak_encryption_lib v1.0.1/go.mod h1:zxkvwglQYIX8AaTtiykEopKGZOXyjopE1B+8vZ7uyt4=
github.com/danyelmorales/weak_encryption_lib v1.0.2 h1:XMWsADfyBEsyNiGwH89Y3V32AGhCl82HE5D7ZbWWnfQ=
github.com/danyelmorales/weak_encryption_lib v1.0.2/go.mod h1:zxkvwglQYIX8AaTtiykEopKGZOXyjopE1B+8vZ7uyt4=
